
Microsoft Visual Studio Solution File, Format Version 12.00
# Visual Studio Version 16
VisualStudioVersion = 16.0.29806.167
MinimumVisualStudioVersion = 10.0.40219.1
Project("{FAE04EC0-301F-11D3-BF4B-00C04F79EFBC}") = "WebArchive", "WebArchive\WebArchive.csproj", "{CF328FF7-FF22-4BE8-AEE6-2FAF8312F154}"
EndProject
Project("{FAE04EC0-301F-11D3-BF4B-00C04F79EFBC}") = "WebArchive.Bot", "WebArchive.Bot\WebArchive.Bot.csproj", "{FBC70194-71C0-4049-9D65-C6CC0F6A4D31}"
EndProject
Global
	GlobalSection(SolutionConfigurationPlatforms) = preSolution
		Debug|Any CPU = Debug|Any CPU
		Release|Any CPU = Release|Any CPU
	EndGlobalSection
	GlobalSection(ProjectConfigurationPlatforms) = postSolution
		{CF328FF7-FF22-4BE8-AEE6-2FAF8312F154}.Debug|Any CPU.ActiveCfg = Debug|Any CPU
		{CF328FF7-FF22-4BE8-AEE6-2FAF8312F154}.Debug|Any CPU.Build.0 = Debug|Any CPU
		{CF328FF7-FF22-4BE8-AEE6-2FAF8312F154}.Release|Any CPU.ActiveCfg = Release|Any CPU
		{CF328FF7-FF22-4BE8-AEE6-2FAF8312F154}.Release|Any CPU.Build.0 = Release|Any CPU
		{FBC70194-71C0-4049-9D65-C6CC0F6A4D31}.Debug|Any CPU.ActiveCfg = Debug|Any CPU
		{FBC70194-71C0-4049-9D65-C6CC0F6A4D31}.Debug|Any CPU.Build.0 = Debug|Any CPU
		{FBC70194-71C0-4049-9D65-C6CC0F6A4D31}.Release|Any CPU.ActiveCfg = Release|Any CPU
		{FBC70194-71C0-4049-9D65-C6CC0F6A4D31}.Release|Any CPU.Build.0 = Release|Any CPU
	EndGlobalSection
	GlobalSection(SolutionProperties) = preSolution
		HideSolutionNode = FALSE
	EndGlobalSection
	GlobalSection(ExtensibilityGlobals) = postSolution
		SolutionGuid = {E7186400-5EFD-447B-9FF3-0058C1DAC9F6}
	EndGlobalSection
EndGlobal
